
Microsoft Visual Studio Solution File, Format Version 12.00
# Visual Studio 2013
VisualStudioVersion = 12.0.40629.0
MinimumVisualStudioVersion = 10.0.40219.1
Project("{2150E333-8FDC-42A3-9474-1A3956D46DE8}") = "Business", "Business", "{BB1E843F-4921-401A-AE83-B56978E3ED31}"
EndProject
Project("{2150E333-8FDC-42A3-9474-1A3956D46DE8}") = "Client", "Client", "{77794D7B-3E1A-4B08-8275-D6AEA73E73F2}"
	ProjectSection(SolutionItems) = preProject
		NOTE.txt = NOTE.txt
	EndProjectSection
EndProject
Project("{FAE04EC0-301F-11D3-BF4B-00C04F79EFBC}") = "BusinessLogic", "Business\BusinessLogic\BusinessLogic.csproj", "{38E548AD-04BC-4DBB-AC47-3D98E4BE0BB0}"
EndProject
Project("{2150E333-8FDC-42A3-9474-1A3956D46DE8}") = "Data", "Data", "{FB78A5A3-B519-48C0-BE32-A561AE017FA6}"
EndProject
Project("{2150E333-8FDC-42A3-9474-1A3956D46DE8}") = "UnitTests", "UnitTests", "{056C23E0-F3AE-4179-8B58-3C015AC583EA}"
EndProject
Project("{FAE04EC0-301F-11D3-BF4B-00C04F79EFBC}") = "BusinessLogic.Test", "UnitTests\BusinessLogic.Test\BusinessLogic.Test.csproj", "{3C1CE32E-2135-437F-90B9-02EA8EEE8650}"
EndProject
Project("{FAE04EC0-301F-11D3-BF4B-00C04F79EFBC}") = "DataAccess", "Data\DataAccess\DataAccess.csproj", "{A1C51B0E-BC42-4097-989C-010A73A2EAC4}"
EndProject
Project("{2150E333-8FDC-42A3-9474-1A3956D46DE8}") = "Shared", "Shared", "{3ADBB38E-05E3-4B11-B03C-2F7A6E6F56B0}"
EndProject
Project("{FAE04EC0-301F-11D3-BF4B-00C04F79EFBC}") = "Common", "Shared\Common\Common.csproj", "{F8D2323A-E720-4CA1-9C03-9A63D692C0C7}"
EndProject
Global
	GlobalSection(SolutionConfigurationPlatforms) = preSolution
		Debug|Any CPU = Debug|Any CPU
		Release|Any CPU = Release|Any CPU
	EndGlobalSection
	GlobalSection(ProjectConfigurationPlatforms) = postSolution
		{38E548AD-04BC-4DBB-AC47-3D98E4BE0BB0}.Debug|Any CPU.ActiveCfg = Debug|Any CPU
		{38E548AD-04BC-4DBB-AC47-3D98E4BE0BB0}.Debug|Any CPU.Build.0 = Debug|Any CPU
		{38E548AD-04BC-4DBB-AC47-3D98E4BE0BB0}.Release|Any CPU.ActiveCfg = Release|Any CPU
		{38E548AD-04BC-4DBB-AC47-3D98E4BE0BB0}.Release|Any CPU.Build.0 = Release|Any CPU
		{3C1CE32E-2135-437F-90B9-02EA8EEE8650}.Debug|Any CPU.ActiveCfg = Debug|Any CPU
		{3C1CE32E-2135-437F-90B9-02EA8EEE8650}.Debug|Any CPU.Build.0 = Debug|Any CPU
		{3C1CE32E-2135-437F-90B9-02EA8EEE8650}.Release|Any CPU.ActiveCfg = Release|Any CPU
		{3C1CE32E-2135-437F-90B9-02EA8EEE8650}.Release|Any CPU.Build.0 = Release|Any CPU
		{A1C51B0E-BC42-4097-989C-010A73A2EAC4}.Debug|Any CPU.ActiveCfg = Debug|Any CPU
		{A1C51B0E-BC42-4097-989C-010A73A2EAC4}.Debug|Any CPU.Build.0 = Debug|Any CPU
		{A1C51B0E-BC42-4097-989C-010A73A2EAC4}.Release|Any CPU.ActiveCfg = Release|Any CPU
		{A1C51B0E-BC42-4097-989C-010A73A2EAC4}.Release|Any CPU.Build.0 = Release|Any CPU
		{F8D2323A-E720-4CA1-9C03-9A63D692C0C7}.Debug|Any CPU.ActiveCfg = Debug|Any CPU
		{F8D2323A-E720-4CA1-9C03-9A63D692C0C7}.Debug|Any CPU.Build.0 = Debug|Any CPU
		{F8D2323A-E720-4CA1-9C03-9A63D692C0C7}.Release|Any CPU.ActiveCfg = Release|Any CPU
		{F8D2323A-E720-4CA1-9C03-9A63D692C0C7}.Release|Any CPU.Build.0 = Release|Any CPU
	EndGlobalSection
	GlobalSection(SolutionProperties) = preSolution
		HideSolutionNode = FALSE
	EndGlobalSection
	GlobalSection(NestedProjects) = preSolution
		{38E548AD-04BC-4DBB-AC47-3D98E4BE0BB0} = {BB1E843F-4921-401A-AE83-B56978E3ED31}
		{3C1CE32E-2135-437F-90B9-02EA8EEE8650} = {056C23E0-F3AE-4179-8B58-3C015AC583EA}
		{A1C51B0E-BC42-4097-989C-010A73A2EAC4} = {FB78A5A3-B519-48C0-BE32-A561AE017FA6}
		{F8D2323A-E720-4CA1-9C03-9A63D692C0C7} = {3ADBB38E-05E3-4B11-B03C-2F7A6E6F56B0}
	EndGlobalSection
EndGlobal
